
Microsoft Visual Studio Solution File, Format Version 12.00
# Visual Studio Version 16
VisualStudioVersion = 16.0.31005.135
MinimumVisualStudioVersion = 10.0.40219.1
Project("{FAE04EC0-301F-11D3-BF4B-00C04F79EFBC}") = "TicTacToe_Ver2_20211200", "TicTacToe_Ver2_20211200.csproj", "{F9F288C2-EB81-4EBE-8E40-E0C837334F68}"
EndProject
Global
	GlobalSection(SolutionConfigurationPlatforms) = preSolution
		Debug|x86 = Debug|x86
		Release|x86 = Release|x86
	EndGlobalSection
	GlobalSection(ProjectConfigurationPlatforms) = postSolution
		{F9F288C2-EB81-4EBE-8E40-E0C837334F68}.Debug|x86.ActiveCfg = Debug|x86
		{F9F288C2-EB81-4EBE-8E40-E0C837334F68}.Debug|x86.Build.0 = Debug|x86
		{F9F288C2-EB81-4EBE-8E40-E0C837334F68}.Release|x86.ActiveCfg = Release|x86
		{F9F288C2-EB81-4EBE-8E40-E0C837334F68}.Release|x86.Build.0 = Release|x86
	EndGlobalSection
	GlobalSection(SolutionProperties) = preSolution
		HideSolutionNode = FALSE
	EndGlobalSection
	GlobalSection(ExtensibilityGlobals) = postSolution
		SolutionGuid = {0BE9B91C-4FD4-4964-8938-0BCA2EE1BB29}
	EndGlobalSection
EndGlobal
